
Microsoft Visual Studio Solution File, Format Version 12.00
# Visual Studio Version 16
VisualStudioVersion = 16.0.28803.352
MinimumVisualStudioVersion = 10.0.40219.1
Project("{FAE04EC0-301F-11D3-BF4B-00C04F79EFBC}") = "Services1.UWP", "Services1\Services1.UWP\Services1.UWP.csproj", "{01320ADF-2CBA-4907-8B31-DC111D321563}"
EndProject
Project("{FAE04EC0-301F-11D3-BF4B-00C04F79EFBC}") = "Services1.Android", "Services1\Services1.Android\Services1.Android.csproj", "{8D746B6F-F20B-478B-A596-912004C297E7}"
EndProject
Project("{FAE04EC0-301F-11D3-BF4B-00C04F79EFBC}") = "Services1.iOS", "Services1\Services1.iOS\Services1.iOS.csproj", "{9FF836A6-71C8-4F26-80A9-8F179A3A27FD}"
EndProject
Project("{FAE04EC0-301F-11D3-BF4B-00C04F79EFBC}") = "Services1.MobileAppService", "Services1\Services1.MobileAppService\Services1.MobileAppService.csproj", "{8305BDED-8C6A-42D0-A809-C61C2BD554E3}"
EndProject
Project("{FAE04EC0-301F-11D3-BF4B-00C04F79EFBC}") = "Services1", "Services1\Services1\Services1.csproj", "{63479A0A-9989-4401-9A5C-32BEA8DB8B70}"
EndProject
Project("{FAE04EC0-301F-11D3-BF4B-00C04F79EFBC}") = "Services.Backend", "Services.Backend\Services.Backend.csproj", "{423E6986-124A-48A5-B9F3-117F94754BF5}"
EndProject
Project("{FAE04EC0-301F-11D3-BF4B-00C04F79EFBC}") = "Services.API", "Services.API\Services.API.csproj", "{F53DDC5E-48AC-44EB-A055-C95A01ED39EF}"
EndProject
Project("{FAE04EC0-301F-11D3-BF4B-00C04F79EFBC}") = "Services.Domain", "Services.Domain\Services.Domain.csproj", "{DDDB0B71-29E3-454C-87A6-B447559E13B1}"
EndProject
Project("{FAE04EC0-301F-11D3-BF4B-00C04F79EFBC}") = "Services.Common", "Services.Common\Services.Common.csproj", "{5AF7315B-1116-4981-9671-DECBCE185020}"
EndProject
Global
	GlobalSection(SolutionConfigurationPlatforms) = preSolution
		Debug|Any CPU = Debug|Any CPU
		Debug|ARM = Debug|ARM
		Debug|iPhone = Debug|iPhone
		Debug|iPhoneSimulator = Debug|iPhoneSimulator
		Debug|x64 = Debug|x64
		Debug|x86 = Debug|x86
		Release|Any CPU = Release|Any CPU
		Release|ARM = Release|ARM
		Release|iPhone = Release|iPhone
		Release|iPhoneSimulator = Release|iPhoneSimulator
		Release|x64 = Release|x64
		Release|x86 = Release|x86
	EndGlobalSection
	GlobalSection(ProjectConfigurationPlatforms) = postSolution
		{01320ADF-2CBA-4907-8B31-DC111D321563}.Debug|Any CPU.ActiveCfg = Debug|x86
		{01320ADF-2CBA-4907-8B31-DC111D321563}.Debug|Any CPU.Build.0 = Debug|x86
		{01320ADF-2CBA-4907-8B31-DC111D321563}.Debug|Any CPU.Deploy.0 = Debug|x86
		{01320ADF-2CBA-4907-8B31-DC111D321563}.Debug|ARM.ActiveCfg = Debug|ARM
		{01320ADF-2CBA-4907-8B31-DC111D321563}.Debug|ARM.Build.0 = Debug|ARM
		{01320ADF-2CBA-4907-8B31-DC111D321563}.Debug|ARM.Deploy.0 = Debug|ARM
		{01320ADF-2CBA-4907-8B31-DC111D321563}.Debug|iPhone.ActiveCfg = Debug|x86
		{01320ADF-2CBA-4907-8B31-DC111D321563}.Debug|iPhone.Build.0 = Debug|x86
		{01320ADF-2CBA-4907-8B31-DC111D321563}.Debug|iPhone.Deploy.0 = Debug|x86
		{01320ADF-2CBA-4907-8B31-DC111D321563}.Debug|iPhoneSimulator.ActiveCfg = Debug|x86
		{01320ADF-2CBA-4907-8B31-DC111D321563}.Debug|iPhoneSimulator.Build.0 = Debug|x86
		{01320ADF-2CBA-4907-8B31-DC111D321563}.Debug|iPhoneSimulator.Deploy.0 = Debug|x86
		{01320ADF-2CBA-4907-8B31-DC111D321563}.Debug|x64.ActiveCfg = Debug|x64
		{01320ADF-2CBA-4907-8B31-DC111D321563}.Debug|x64.Build.0 = Debug|x64
		{01320ADF-2CBA-4907-8B31-DC111D321563}.Debug|x64.Deploy.0 = Debug|x64
		{01320ADF-2CBA-4907-8B31-DC111D321563}.Debug|x86.ActiveCfg = Debug|x86
		{01320ADF-2CBA-4907-8B31-DC111D321563}.Debug|x86.Build.0 = Debug|x86
		{01320ADF-2CBA-4907-8B31-DC111D321563}.Debug|x86.Deploy.0 = Debug|x86
		{01320ADF-2CBA-4907-8B31-DC111D321563}.Release|Any CPU.ActiveCfg = Release|x86
		{01320ADF-2CBA-4907-8B31-DC111D321563}.Release|Any CPU.Build.0 = Release|x86
		{01320ADF-2CBA-4907-8B31-DC111D321563}.Release|Any CPU.Deploy.0 = Release|x86
		{01320ADF-2CBA-4907-8B31-DC111D321563}.Release|ARM.ActiveCfg = Release|ARM
		{01320ADF-2CBA-4907-8B31-DC111D321563}.Release|ARM.Build.0 = Release|ARM
		{01320ADF-2CBA-4907-8B31-DC111D321563}.Release|ARM.Deploy.0 = Release|ARM
		{01320ADF-2CBA-4907-8B31-DC111D321563}.Release|iPhone.ActiveCfg = Release|x86
		{01320ADF-2CBA-4907-8B31-DC111D321563}.Release|iPhone.Build.0 = Release|x86
		{01320ADF-2CBA-4907-8B31-DC111D321563}.Release|iPhone.Deploy.0 = Release|x86
		{01320ADF-2CBA-4907-8B31-DC111D321563}.Release|iPhoneSimulator.ActiveCfg = Release|x86
		{01320ADF-2CBA-4907-8B31-DC111D321563}.Release|iPhoneSimulator.Build.0 = Release|x86
		{01320ADF-2CBA-4907-8B31-DC111D321563}.Release|iPhoneSimulator.Deploy.0 = Release|x86
		{01320ADF-2CBA-4907-8B31-DC111D321563}.Release|x64.ActiveCfg = Release|x64
		{01320ADF-2CBA-4907-8B31-DC111D321563}.Release|x64.Build.0 = Release|x64
		{01320ADF-2CBA-4907-8B31-DC111D321563}.Release|x64.Deploy.0 = Release|x64
		{01320ADF-2CBA-4907-8B31-DC111D321563}.Release|x86.ActiveCfg = Release|x86
		{01320ADF-2CBA-4907-8B31-DC111D321563}.Release|x86.Build.0 = Release|x86
		{01320ADF-2CBA-4907-8B31-DC111D321563}.Release|x86.Deploy.0 = Release|x86
		{8D746B6F-F20B-478B-A596-912004C297E7}.Debug|Any CPU.ActiveCfg = Debug|Any CPU
		{8D746B6F-F20B-478B-A596-912004C297E7}.Debug|Any CPU.Build.0 = Debug|Any CPU
		{8D746B6F-F20B-478B-A596-912004C297E7}.Debug|Any CPU.Deploy.0 = Debug|Any CPU
		{8D746B6F-F20B-478B-A596-912004C297E7}.Debug|ARM.ActiveCfg = Debug|Any CPU
		{8D746B6F-F20B-478B-A596-912004C297E7}.Debug|ARM.Build.0 = Debug|Any CPU
		{8D746B6F-F20B-478B-A596-912004C297E7}.Debug|ARM.Deploy.0 = Debug|Any CPU
		{8D746B6F-F20B-478B-A596-912004C297E7}.Debug|iPhone.ActiveCfg = Debug|Any CPU
		{8D746B6F-F20B-478B-A596-912004C297E7}.Debug|iPhone.Build.0 = Debug|Any CPU
		{8D746B6F-F20B-478B-A596-912004C297E7}.Debug|iPhone.Deploy.0 = Debug|Any CPU
		{8D746B6F-F20B-478B-A596-912004C297E7}.Debug|iPhoneSimulator.ActiveCfg = Debug|Any CPU
		{8D746B6F-F20B-478B-A596-912004C297E7}.Debug|iPhoneSimulator.Build.0 = Debug|Any CPU
		{8D746B6F-F20B-478B-A596-912004C297E7}.Debug|iPhoneSimulator.Deploy.0 = Debug|Any CPU
		{8D746B6F-F20B-478B-A596-912004C297E7}.Debug|x64.ActiveCfg = Debug|Any CPU
		{8D746B6F-F20B-478B-A596-912004C297E7}.Debug|x64.Build.0 = Debug|Any CPU
		{8D746B6F-F20B-478B-A596-912004C297E7}.Debug|x64.Deploy.0 = Debug|Any CPU
		{8D746B6F-F20B-478B-A596-912004C297E7}.Debug|x86.ActiveCfg = Debug|Any CPU
		{8D746B6F-F20B-478B-A596-912004C297E7}.Debug|x86.Build.0 = Debug|Any CPU
		{8D746B6F-F20B-478B-A596-912004C297E7}.Debug|x86.Deploy.0 = Debug|Any CPU
		{8D746B6F-F20B-478B-A596-912004C297E7}.Release|Any CPU.ActiveCfg = Release|Any CPU
		{8D746B6F-F20B-478B-A596-912004C297E7}.Release|Any CPU.Build.0 = Release|Any CPU
		{8D746B6F-F20B-478B-A596-912004C297E7}.Release|Any CPU.Deploy.0 = Release|Any CPU
		{8D746B6F-F20B-478B-A596-912004C297E7}.Release|ARM.ActiveCfg = Release|Any CPU
		{8D746B6F-F20B-478B-A596-912004C297E7}.Release|ARM.Build.0 = Release|Any CPU
		{8D746B6F-F20B-478B-A596-912004C297E7}.Release|ARM.Deploy.0 = Release|Any CPU
		{8D746B6F-F20B-478B-A596-912004C297E7}.Release|iPhone.ActiveCfg = Release|Any CPU
		{8D746B6F-F20B-478B-A596-912004C297E7}.Release|iPhone.Build.0 = Release|Any CPU
		{8D746B6F-F20B-478B-A596-912004C297E7}.Release|iPhone.Deploy.0 = Release|Any CPU
		{8D746B6F-F20B-478B-A596-912004C297E7}.Release|iPhoneSimulator.ActiveCfg = Release|Any CPU
		{8D746B6F-F20B-478B-A596-912004C297E7}.Release|iPhoneSimulator.Build.0 = Release|Any CPU
		{8D746B6F-F20B-478B-A596-912004C297E7}.Release|iPhoneSimulator.Deploy.0 = Release|Any CPU
		{8D746B6F-F20B-478B-A596-912004C297E7}.Release|x64.ActiveCfg = Release|Any CPU
		{8D746B6F-F20B-478B-A596-912004C297E7}.Release|x64.Build.0 = Release|Any CPU
		{8D746B6F-F20B-478B-A596-912004C297E7}.Release|x64.Deploy.0 = Release|Any CPU
		{8D746B6F-F20B-478B-A596-912004C297E7}.Release|x86.ActiveCfg = Release|Any CPU
		{8D746B6F-F20B-478B-A596-912004C297E7}.Release|x86.Build.0 = Release|Any CPU
		{8D746B6F-F20B-478B-A596-912004C297E7}.Release|x86.Deploy.0 = Release|Any CPU
		{9FF836A6-71C8-4F26-80A9-8F179A3A27FD}.Debug|Any CPU.ActiveCfg = Debug|iPhone
		{9FF836A6-71C8-4F26-80A9-8F179A3A27FD}.Debug|Any CPU.Build.0 = Debug|iPhone
		{9FF836A6-71C8-4F26-80A9-8F179A3A27FD}.Debug|Any CPU.Deploy.0 = Debug|iPhone
		{9FF836A6-71C8-4F26-80A9-8F179A3A27FD}.Debug|ARM.ActiveCfg = Debug|iPhoneSimulator
		{9FF836A6-71C8-4F26-80A9-8F179A3A27FD}.Debug|ARM.Build.0 = Debug|iPhoneSimulator
		{9FF836A6-71C8-4F26-80A9-8F179A3A27FD}.Debug|ARM.Deploy.0 = Debug|iPhoneSimulator
		{9FF836A6-71C8-4F26-80A9-8F179A3A27FD}.Debug|iPhone.ActiveCfg = Debug|iPhone
		{9FF836A6-71C8-4F26-80A9-8F179A3A27FD}.Debug|iPhone.Build.0 = Debug|iPhone
		{9FF836A6-71C8-4F26-80A9-8F179A3A27FD}.Debug|iPhone.Deploy.0 = Debug|iPhone
		{9FF836A6-71C8-4F26-80A9-8F179A3A27FD}.Debug|iPhoneSimulator.ActiveCfg = Debug|iPhoneSimulator
		{9FF836A6-71C8-4F26-80A9-8F179A3A27FD}.Debug|iPhoneSimulator.Build.0 = Debug|iPhoneSimulator
		{9FF836A6-71C8-4F26-80A9-8F179A3A27FD}.Debug|iPhoneSimulator.Deploy.0 = Debug|iPhoneSimulator
		{9FF836A6-71C8-4F26-80A9-8F179A3A27FD}.Debug|x64.ActiveCfg = Debug|iPhone
		{9FF836A6-71C8-4F26-80A9-8F179A3A27FD}.Debug|x64.Build.0 = Debug|iPhone
		{9FF836A6-71C8-4F26-80A9-8F179A3A27FD}.Debug|x64.Deploy.0 = Debug|iPhone
		{9FF836A6-71C8-4F26-80A9-8F179A3A27FD}.Debug|x86.ActiveCfg = Debug|iPhone
		{9FF836A6-71C8-4F26-80A9-8F179A3A27FD}.Debug|x86.Build.0 = Debug|iPhone
		{9FF836A6-71C8-4F26-80A9-8F179A3A27FD}.Debug|x86.Deploy.0 = Debug|iPhone
		{9FF836A6-71C8-4F26-80A9-8F179A3A27FD}.Release|Any CPU.ActiveCfg = Release|iPhone
		{9FF836A6-71C8-4F26-80A9-8F179A3A27FD}.Release|Any CPU.Build.0 = Release|iPhone
		{9FF836A6-71C8-4F26-80A9-8F179A3A27FD}.Release|Any CPU.Deploy.0 = Release|iPhone
		{9FF836A6-71C8-4F26-80A9-8F179A3A27FD}.Release|ARM.ActiveCfg = Release|iPhone
		{9FF836A6-71C8-4F26-80A9-8F179A3A27FD}.Release|ARM.Build.0 = Release|iPhone
		{9FF836A6-71C8-4F26-80A9-8F179A3A27FD}.Release|ARM.Deploy.0 = Release|iPhone
		{9FF836A6-71C8-4F26-80A9-8F179A3A27FD}.Release|iPhone.ActiveCfg = Release|iPhone
		{9FF836A6-71C8-4F26-80A9-8F179A3A27FD}.Release|iPhone.Build.0 = Release|iPhone
		{9FF836A6-71C8-4F26-80A9-8F179A3A27FD}.Release|iPhone.Deploy.0 = Release|iPhone
		{9FF836A6-71C8-4F26-80A9-8F179A3A27FD}.Release|iPhoneSimulator.ActiveCfg = Release|iPhoneSimulator
		{9FF836A6-71C8-4F26-80A9-8F179A3A27FD}.Release|iPhoneSimulator.Build.0 = Release|iPhoneSimulator
		{9FF836A6-71C8-4F26-80A9-8F179A3A27FD}.Release|iPhoneSimulator.Deploy.0 = Release|iPhoneSimulator
		{9FF836A6-71C8-4F26-80A9-8F179A3A27FD}.Release|x64.ActiveCfg = Release|iPhone
		{9FF836A6-71C8-4F26-80A9-8F179A3A27FD}.Release|x64.Build.0 = Release|iPhone
		{9FF836A6-71C8-4F26-80A9-8F179A3A27FD}.Release|x64.Deploy.0 = Release|iPhone
		{9FF836A6-71C8-4F26-80A9-8F179A3A27FD}.Release|x86.ActiveCfg = Release|iPhone
		{9FF836A6-71C8-4F26-80A9-8F179A3A27FD}.Release|x86.Build.0 = Release|iPhone
		{9FF836A6-71C8-4F26-80A9-8F179A3A27FD}.Release|x86.Deploy.0 = Release|iPhone
		{8305BDED-8C6A-42D0-A809-C61C2BD554E3}.Debug|Any CPU.ActiveCfg = Debug|Any CPU
		{8305BDED-8C6A-42D0-A809-C61C2BD554E3}.Debug|Any CPU.Build.0 = Debug|Any CPU
		{8305BDED-8C6A-42D0-A809-C61C2BD554E3}.Debug|Any CPU.Deploy.0 = Debug|Any CPU
		{8305BDED-8C6A-42D0-A809-C61C2BD554E3}.Debug|ARM.ActiveCfg = Debug|Any CPU
		{8305BDED-8C6A-42D0-A809-C61C2BD554E3}.Debug|ARM.Build.0 = Debug|Any CPU
		{8305BDED-8C6A-42D0-A809-C61C2BD554E3}.Debug|ARM.Deploy.0 = Debug|Any CPU
		{8305BDED-8C6A-42D0-A809-C61C2BD554E3}.Debug|iPhone.ActiveCfg = Debug|Any CPU
		{8305BDED-8C6A-42D0-A809-C61C2BD554E3}.Debug|iPhone.Build.0 = Debug|Any CPU
		{8305BDED-8C6A-42D0-A809-C61C2BD554E3}.Debug|iPhone.Deploy.0 = Debug|Any CPU
		{8305BDED-8C6A-42D0-A809-C61C2BD554E3}.Debug|iPhoneSimulator.ActiveCfg = Debug|Any CPU
		{8305BDED-8C6A-42D0-A809-C61C2BD554E3}.Debug|iPhoneSimulator.Build.0 = Debug|Any CPU
		{8305BDED-8C6A-42D0-A809-C61C2BD554E3}.Debug|iPhoneSimulator.Deploy.0 = Debug|Any CPU
		{8305BDED-8C6A-42D0-A809-C61C2BD554E3}.Debug|x64.ActiveCfg = Debug|Any CPU
		{8305BDED-8C6A-42D0-A809-C61C2BD554E3}.Debug|x64.Build.0 = Debug|Any CPU
		{8305BDED-8C6A-42D0-A809-C61C2BD554E3}.Debug|x64.Deploy.0 = Debug|Any CPU
		{8305BDED-8C6A-42D0-A809-C61C2BD554E3}.Debug|x86.ActiveCfg = Debug|Any CPU
		{8305BDED-8C6A-42D0-A809-C61C2BD554E3}.Debug|x86.Build.0 = Debug|Any CPU
		{8305BDED-8C6A-42D0-A809-C61C2BD554E3}.Debug|x86.Deploy.0 = Debug|Any CPU
		{8305BDED-8C6A-42D0-A809-C61C2BD554E3}.Release|Any CPU.ActiveCfg = Release|Any CPU
		{8305BDED-8C6A-42D0-A809-C61C2BD554E3}.Release|Any CPU.Build.0 = Release|Any CPU
		{8305BDED-8C6A-42D0-A809-C61C2BD554E3}.Release|Any CPU.Deploy.0 = Release|Any CPU
		{8305BDED-8C6A-42D0-A809-C61C2BD554E3}.Release|ARM.ActiveCfg = Release|Any CPU
		{8305BDED-8C6A-42D0-A809-C61C2BD554E3}.Release|ARM.Build.0 = Release|Any CPU
		{8305BDED-8C6A-42D0-A809-C61C2BD554E3}.Release|ARM.Deploy.0 = Release|Any CPU
		{8305BDED-8C6A-42D0-A809-C61C2BD554E3}.Release|iPhone.ActiveCfg = Release|Any CPU
		{8305BDED-8C6A-42D0-A809-C61C2BD554E3}.Release|iPhone.Build.0 = Release|Any CPU
		{8305BDED-8C6A-42D0-A809-C61C2BD554E3}.Release|iPhone.Deploy.0 = Release|Any CPU
		{8305BDED-8C6A-42D0-A809-C61C2BD554E3}.Release|iPhoneSimulator.ActiveCfg = Release|Any CPU
		{8305BDED-8C6A-42D0-A809-C61C2BD554E3}.Release|iPhoneSimulator.Build.0 = Release|Any CPU
		{8305BDED-8C6A-42D0-A809-C61C2BD554E3}.Release|iPhoneSimulator.Deploy.0 = Release|Any CPU
		{8305BDED-8C6A-42D0-A809-C61C2BD554E3}.Release|x64.ActiveCfg = Release|Any CPU
		{8305BDED-8C6A-42D0-A809-C61C2BD554E3}.Release|x64.Build.0 = Release|Any CPU
		{8305BDED-8C6A-42D0-A809-C61C2BD554E3}.Release|x64.Deploy.0 = Release|Any CPU
		{8305BDED-8C6A-42D0-A809-C61C2BD554E3}.Release|x86.ActiveCfg = Release|Any CPU
		{8305BDED-8C6A-42D0-A809-C61C2BD554E3}.Release|x86.Build.0 = Release|Any CPU
		{8305BDED-8C6A-42D0-A809-C61C2BD554E3}.Release|x86.Deploy.0 = Release|Any CPU
		{63479A0A-9989-4401-9A5C-32BEA8DB8B70}.Debug|Any CPU.ActiveCfg = Debug|Any CPU
		{63479A0A-9989-4401-9A5C-32BEA8DB8B70}.Debug|Any CPU.Build.0 = Debug|Any CPU
		{63479A0A-9989-4401-9A5C-32BEA8DB8B70}.Debug|Any CPU.Deploy.0 = Debug|Any CPU
		{63479A0A-9989-4401-9A5C-32BEA8DB8B70}.Debug|ARM.ActiveCfg = Debug|Any CPU
		{63479A0A-9989-4401-9A5C-32BEA8DB8B70}.Debug|ARM.Build.0 = Debug|Any CPU
		{63479A0A-9989-4401-9A5C-32BEA8DB8B70}.Debug|ARM.Deploy.0 = Debug|Any CPU
		{63479A0A-9989-4401-9A5C-32BEA8DB8B70}.Debug|iPhone.ActiveCfg = Debug|Any CPU
		{63479A0A-9989-4401-9A5C-32BEA8DB8B70}.Debug|iPhone.Build.0 = Debug|Any CPU
		{63479A0A-9989-4401-9A5C-32BEA8DB8B70}.Debug|iPhone.Deploy.0 = Debug|Any CPU
		{63479A0A-9989-4401-9A5C-32BEA8DB8B70}.Debug|iPhoneSimulator.ActiveCfg = Debug|Any CPU
		{63479A0A-9989-4401-9A5C-32BEA8DB8B70}.Debug|iPhoneSimulator.Build.0 = Debug|Any CPU
		{63479A0A-9989-4401-9A5C-32BEA8DB8B70}.Debug|iPhoneSimulator.Deploy.0 = Debug|Any CPU
		{63479A0A-9989-4401-9A5C-32BEA8DB8B70}.Debug|x64.ActiveCfg = Debug|Any CPU
		{63479A0A-9989-4401-9A5C-32BEA8DB8B70}.Debug|x64.Build.0 = Debug|Any CPU
		{63479A0A-9989-4401-9A5C-32BEA8DB8B70}.Debug|x64.Deploy.0 = Debug|Any CPU
		{63479A0A-9989-4401-9A5C-32BEA8DB8B70}.Debug|x86.ActiveCfg = Debug|Any CPU
		{63479A0A-9989-4401-9A5C-32BEA8DB8B70}.Debug|x86.Build.0 = Debug|Any CPU
		{63479A0A-9989-4401-9A5C-32BEA8DB8B70}.Debug|x86.Deploy.0 = Debug|Any CPU
		{63479A0A-9989-4401-9A5C-32BEA8DB8B70}.Release|Any CPU.ActiveCfg = Release|Any CPU
		{63479A0A-9989-4401-9A5C-32BEA8DB8B70}.Release|Any CPU.Build.0 = Release|Any CPU
		{63479A0A-9989-4401-9A5C-32BEA8DB8B70}.Release|Any CPU.Deploy.0 = Release|Any CPU
		{63479A0A-9989-4401-9A5C-32BEA8DB8B70}.Release|ARM.ActiveCfg = Release|Any CPU
		{63479A0A-9989-4401-9A5C-32BEA8DB8B70}.Release|ARM.Build.0 = Release|Any CPU
		{63479A0A-9989-4401-9A5C-32BEA8DB8B70}.Release|ARM.Deploy.0 = Release|Any CPU
		{63479A0A-9989-4401-9A5C-32BEA8DB8B70}.Release|iPhone.ActiveCfg = Release|Any CPU
		{63479A0A-9989-4401-9A5C-32BEA8DB8B70}.Release|iPhone.Build.0 = Release|Any CPU
		{63479A0A-9989-4401-9A5C-32BEA8DB8B70}.Release|iPhone.Deploy.0 = Release|Any CPU
		{63479A0A-9989-4401-9A5C-32BEA8DB8B70}.Release|iPhoneSimulator.ActiveCfg = Release|Any CPU
		{63479A0A-9989-4401-9A5C-32BEA8DB8B70}.Release|iPhoneSimulator.Build.0 = Release|Any CPU
		{63479A0A-9989-4401-9A5C-32BEA8DB8B70}.Release|iPhoneSimulator.Deploy.0 = Release|Any CPU
		{63479A0A-9989-4401-9A5C-32BEA8DB8B70}.Release|x64.ActiveCfg = Release|Any CPU
		{63479A0A-9989-4401-9A5C-32BEA8DB8B70}.Release|x64.Build.0 = Release|Any CPU
		{63479A0A-9989-4401-9A5C-32BEA8DB8B70}.Release|x64.Deploy.0 = Release|Any CPU
		{63479A0A-9989-4401-9A5C-32BEA8DB8B70}.Release|x86.ActiveCfg = Release|Any CPU
		{63479A0A-9989-4401-9A5C-32BEA8DB8B70}.Release|x86.Build.0 = Release|Any CPU
		{63479A0A-9989-4401-9A5C-32BEA8DB8B70}.Release|x86.Deploy.0 = Release|Any CPU
		{423E6986-124A-48A5-B9F3-117F94754BF5}.Debug|Any CPU.ActiveCfg = Debug|Any CPU
		{423E6986-124A-48A5-B9F3-117F94754BF5}.Debug|Any CPU.Build.0 = Debug|Any CPU
		{423E6986-124A-48A5-B9F3-117F94754BF5}.Debug|ARM.ActiveCfg = Debug|Any CPU
		{423E6986-124A-48A5-B9F3-117F94754BF5}.Debug|ARM.Build.0 = Debug|Any CPU
		{423E6986-124A-48A5-B9F3-117F94754BF5}.Debug|iPhone.ActiveCfg = Debug|Any CPU
		{423E6986-124A-48A5-B9F3-117F94754BF5}.Debug|iPhone.Build.0 = Debug|Any CPU
		{423E6986-124A-48A5-B9F3-117F94754BF5}.Debug|iPhoneSimulator.ActiveCfg = Debug|Any CPU
		{423E6986-124A-48A5-B9F3-117F94754BF5}.Debug|iPhoneSimulator.Build.0 = Debug|Any CPU
		{423E6986-124A-48A5-B9F3-117F94754BF5}.Debug|x64.ActiveCfg = Debug|Any CPU
		{423E6986-124A-48A5-B9F3-117F94754BF5}.Debug|x64.Build.0 = Debug|Any CPU
		{423E6986-124A-48A5-B9F3-117F94754BF5}.Debug|x86.ActiveCfg = Debug|Any CPU
		{423E6986-124A-48A5-B9F3-117F94754BF5}.Debug|x86.Build.0 = Debug|Any CPU
		{423E6986-124A-48A5-B9F3-117F94754BF5}.Release|Any CPU.ActiveCfg = Release|Any CPU
		{423E6986-124A-48A5-B9F3-117F94754BF5}.Release|Any CPU.Build.0 = Release|Any CPU
		{423E6986-124A-48A5-B9F3-117F94754BF5}.Release|ARM.ActiveCfg = Release|Any CPU
		{423E6986-124A-48A5-B9F3-117F94754BF5}.Release|ARM.Build.0 = Release|Any CPU
		{423E6986-124A-48A5-B9F3-117F94754BF5}.Release|iPhone.ActiveCfg = Release|Any CPU
		{423E6986-124A-48A5-B9F3-117F94754BF5}.Release|iPhone.Build.0 = Release|Any CPU
		{423E6986-124A-48A5-B9F3-117F94754BF5}.Release|iPhoneSimulator.ActiveCfg = Release|Any CPU
		{423E6986-124A-48A5-B9F3-117F94754BF5}.Release|iPhoneSimulator.Build.0 = Release|Any CPU
		{423E6986-124A-48A5-B9F3-117F94754BF5}.Release|x64.ActiveCfg = Release|Any CPU
		{423E6986-124A-48A5-B9F3-117F94754BF5}.Release|x64.Build.0 = Release|Any CPU
		{423E6986-124A-48A5-B9F3-117F94754BF5}.Release|x86.ActiveCfg = Release|Any CPU
		{423E6986-124A-48A5-B9F3-117F94754BF5}.Release|x86.Build.0 = Release|Any CPU
		{F53DDC5E-48AC-44EB-A055-C95A01ED39EF}.Debug|Any CPU.ActiveCfg = Debug|Any CPU
		{F53DDC5E-48AC-44EB-A055-C95A01ED39EF}.Debug|Any CPU.Build.0 = Debug|Any CPU
		{F53DDC5E-48AC-44EB-A055-C95A01ED39EF}.Debug|ARM.ActiveCfg = Debug|Any CPU
		{F53DDC5E-48AC-44EB-A055-C95A01ED39EF}.Debug|ARM.Build.0 = Debug|Any CPU
		{F53DDC5E-48AC-44EB-A055-C95A01ED39EF}.Debug|iPhone.ActiveCfg = Debug|Any CPU
		{F53DDC5E-48AC-44EB-A055-C95A01ED39EF}.Debug|iPhone.Build.0 = Debug|Any CPU
		{F53DDC5E-48AC-44EB-A055-C95A01ED39EF}.Debug|iPhoneSimulator.ActiveCfg = Debug|Any CPU
		{F53DDC5E-48AC-44EB-A055-C95A01ED39EF}.Debug|iPhoneSimulator.Build.0 = Debug|Any CPU
		{F53DDC5E-48AC-44EB-A055-C95A01ED39EF}.Debug|x64.ActiveCfg = Debug|Any CPU
		{F53DDC5E-48AC-44EB-A055-C95A01ED39EF}.Debug|x64.Build.0 = Debug|Any CPU
		{F53DDC5E-48AC-44EB-A055-C95A01ED39EF}.Debug|x86.ActiveCfg = Debug|Any CPU
		{F53DDC5E-48AC-44EB-A055-C95A01ED39EF}.Debug|x86.Build.0 = Debug|Any CPU
		{F53DDC5E-48AC-44EB-A055-C95A01ED39EF}.Release|Any CPU.ActiveCfg = Release|Any CPU
		{F53DDC5E-48AC-44EB-A055-C95A01ED39EF}.Release|Any CPU.Build.0 = Release|Any CPU
		{F53DDC5E-48AC-44EB-A055-C95A01ED39EF}.Release|ARM.ActiveCfg = Release|Any CPU
		{F53DDC5E-48AC-44EB-A055-C95A01ED39EF}.Release|ARM.Build.0 = Release|Any CPU
		{F53DDC5E-48AC-44EB-A055-C95A01ED39EF}.Release|iPhone.ActiveCfg = Release|Any CPU
		{F53DDC5E-48AC-44EB-A055-C95A01ED39EF}.Release|iPhone.Build.0 = Release|Any CPU
		{F53DDC5E-48AC-44EB-A055-C95A01ED39EF}.Release|iPhoneSimulator.ActiveCfg = Release|Any CPU
		{F53DDC5E-48AC-44EB-A055-C95A01ED39EF}.Release|iPhoneSimulator.Build.0 = Release|Any CPU
		{F53DDC5E-48AC-44EB-A055-C95A01ED39EF}.Release|x64.ActiveCfg = Release|Any CPU
		{F53DDC5E-48AC-44EB-A055-C95A01ED39EF}.Release|x64.Build.0 = Release|Any CPU
		{F53DDC5E-48AC-44EB-A055-C95A01ED39EF}.Release|x86.ActiveCfg = Release|Any CPU
		{F53DDC5E-48AC-44EB-A055-C95A01ED39EF}.Release|x86.Build.0 = Release|Any CPU
		{DDDB0B71-29E3-454C-87A6-B447559E13B1}.Debug|Any CPU.ActiveCfg = Debug|Any CPU
		{DDDB0B71-29E3-454C-87A6-B447559E13B1}.Debug|Any CPU.Build.0 = Debug|Any CPU
		{DDDB0B71-29E3-454C-87A6-B447559E13B1}.Debug|ARM.ActiveCfg = Debug|Any CPU
		{DDDB0B71-29E3-454C-87A6-B447559E13B1}.Debug|ARM.Build.0 = Debug|Any CPU
		{DDDB0B71-29E3-454C-87A6-B447559E13B1}.Debug|iPhone.ActiveCfg = Debug|Any CPU
		{DDDB0B71-29E3-454C-87A6-B447559E13B1}.Debug|iPhone.Build.0 = Debug|Any CPU
		{DDDB0B71-29E3-454C-87A6-B447559E13B1}.Debug|iPhoneSimulator.ActiveCfg = Debug|Any CPU
		{DDDB0B71-29E3-454C-87A6-B447559E13B1}.Debug|iPhoneSimulator.Build.0 = Debug|Any CPU
		{DDDB0B71-29E3-454C-87A6-B447559E13B1}.Debug|x64.ActiveCfg = Debug|Any CPU
		{DDDB0B71-29E3-454C-87A6-B447559E13B1}.Debug|x64.Build.0 = Debug|Any CPU
		{DDDB0B71-29E3-454C-87A6-B447559E13B1}.Debug|x86.ActiveCfg = Debug|Any CPU
		{DDDB0B71-29E3-454C-87A6-B447559E13B1}.Debug|x86.Build.0 = Debug|Any CPU
		{DDDB0B71-29E3-454C-87A6-B447559E13B1}.Release|Any CPU.ActiveCfg = Release|Any CPU
		{DDDB0B71-29E3-454C-87A6-B447559E13B1}.Release|Any CPU.Build.0 = Release|Any CPU
		{DDDB0B71-29E3-454C-87A6-B447559E13B1}.Release|ARM.ActiveCfg = Release|Any CPU
		{DDDB0B71-29E3-454C-87A6-B447559E13B1}.Release|ARM.Build.0 = Release|Any CPU
		{DDDB0B71-29E3-454C-87A6-B447559E13B1}.Release|iPhone.ActiveCfg = Release|Any CPU
		{DDDB0B71-29E3-454C-87A6-B447559E13B1}.Release|iPhone.Build.0 = Release|Any CPU
		{DDDB0B71-29E3-454C-87A6-B447559E13B1}.Release|iPhoneSimulator.ActiveCfg = Release|Any CPU
		{DDDB0B71-29E3-454C-87A6-B447559E13B1}.Release|iPhoneSimulator.Build.0 = Release|Any CPU
		{DDDB0B71-29E3-454C-87A6-B447559E13B1}.Release|x64.ActiveCfg = Release|Any CPU
		{DDDB0B71-29E3-454C-87A6-B447559E13B1}.Release|x64.Build.0 = Release|Any CPU
		{DDDB0B71-29E3-454C-87A6-B447559E13B1}.Release|x86.ActiveCfg = Release|Any CPU
		{DDDB0B71-29E3-454C-87A6-B447559E13B1}.Release|x86.Build.0 = Release|Any CPU
		{5AF7315B-1116-4981-9671-DECBCE185020}.Debug|Any CPU.ActiveCfg = Debug|Any CPU
		{5AF7315B-1116-4981-9671-DECBCE185020}.Debug|Any CPU.Build.0 = Debug|Any CPU
		{5AF7315B-1116-4981-9671-DECBCE185020}.Debug|ARM.ActiveCfg = Debug|Any CPU
		{5AF7315B-1116-4981-9671-DECBCE185020}.Debug|ARM.Build.0 = Debug|Any CPU
		{5AF7315B-1116-4981-9671-DECBCE185020}.Debug|iPhone.ActiveCfg = Debug|Any CPU
		{5AF7315B-1116-4981-9671-DECBCE185020}.Debug|iPhone.Build.0 = Debug|Any CPU
		{5AF7315B-1116-4981-9671-DECBCE185020}.Debug|iPhoneSimulator.ActiveCfg = Debug|Any CPU
		{5AF7315B-1116-4981-9671-DECBCE185020}.Debug|iPhoneSimulator.Build.0 = Debug|Any CPU
		{5AF7315B-1116-4981-9671-DECBCE185020}.Debug|x64.ActiveCfg = Debug|Any CPU
		{5AF7315B-1116-4981-9671-DECBCE185020}.Debug|x64.Build.0 = Debug|Any CPU
		{5AF7315B-1116-4981-9671-DECBCE185020}.Debug|x86.ActiveCfg = Debug|Any CPU
		{5AF7315B-1116-4981-9671-DECBCE185020}.Debug|x86.Build.0 = Debug|Any CPU
		{5AF7315B-1116-4981-9671-DECBCE185020}.Release|Any CPU.ActiveCfg = Release|Any CPU
		{5AF7315B-1116-4981-9671-DECBCE185020}.Release|Any CPU.Build.0 = Release|Any CPU
		{5AF7315B-1116-4981-9671-DECBCE185020}.Release|ARM.ActiveCfg = Release|Any CPU
		{5AF7315B-1116-4981-9671-DECBCE185020}.Release|ARM.Build.0 = Release|Any CPU
		{5AF7315B-1116-4981-9671-DECBCE185020}.Release|iPhone.ActiveCfg = Release|Any CPU
		{5AF7315B-1116-4981-9671-DECBCE185020}.Release|iPhone.Build.0 = Release|Any CPU
		{5AF7315B-1116-4981-9671-DECBCE185020}.Release|iPhoneSimulator.ActiveCfg = Release|Any CPU
		{5AF7315B-1116-4981-9671-DECBCE185020}.Release|iPhoneSimulator.Build.0 = Release|Any CPU
		{5AF7315B-1116-4981-9671-DECBCE185020}.Release|x64.ActiveCfg = Release|Any CPU
		{5AF7315B-1116-4981-9671-DECBCE185020}.Release|x64.Build.0 = Release|Any CPU
		{5AF7315B-1116-4981-9671-DECBCE185020}.Release|x86.ActiveCfg = Release|Any CPU
		{5AF7315B-1116-4981-9671-DECBCE185020}.Release|x86.Build.0 = Release|Any CPU
	EndGlobalSection
	GlobalSection(SolutionProperties) = preSolution
		HideSolutionNode = FALSE
	EndGlobalSection
	GlobalSection(ExtensibilityGlobals) = postSolution
		SolutionGuid = {156C798C-2C7E-401E-9937-71C400319668}
	EndGlobalSection
EndGlobal
